
Microsoft Visual Studio Solution File, Format Version 12.00
# Visual Studio Version 17
VisualStudioVersion = 17.5.002.0
MinimumVisualStudioVersion = 10.0.40219.1
Project("{9A19103F-16F7-4668-BE54-9A1E7A4F7556}") = "Client", "Client\Client.csproj", "{16F35C88-CBBA-416B-863D-50F205383E9E}"
EndProject
Project("{FAE04EC0-301F-11D3-BF4B-00C04F79EFBC}") = "Server", "Server\Server.csproj", "{433D58EC-1C30-4F1A-9D78-9EB6820B86F7}"
EndProject
Global
	GlobalSection(SolutionConfigurationPlatforms) = preSolution
		Debug|Any CPU = Debug|Any CPU
		Release|Any CPU = Release|Any CPU
	EndGlobalSection
	GlobalSection(ProjectConfigurationPlatforms) = postSolution
		{16F35C88-CBBA-416B-863D-50F205383E9E}.Debug|Any CPU.ActiveCfg = Debug|Any CPU
		{16F35C88-CBBA-416B-863D-50F205383E9E}.Debug|Any CPU.Build.0 = Debug|Any CPU
		{16F35C88-CBBA-416B-863D-50F205383E9E}.Release|Any CPU.ActiveCfg = Release|Any CPU
		{16F35C88-CBBA-416B-863D-50F205383E9E}.Release|Any CPU.Build.0 = Release|Any CPU
		{433D58EC-1C30-4F1A-9D78-9EB6820B86F7}.Debug|Any CPU.ActiveCfg = Debug|Any CPU
		{433D58EC-1C30-4F1A-9D78-9EB6820B86F7}.Debug|Any CPU.Build.0 = Debug|Any CPU
		{433D58EC-1C30-4F1A-9D78-9EB6820B86F7}.Release|Any CPU.ActiveCfg = Release|Any CPU
		{433D58EC-1C30-4F1A-9D78-9EB6820B86F7}.Release|Any CPU.Build.0 = Release|Any CPU
	EndGlobalSection
	GlobalSection(SolutionProperties) = preSolution
		HideSolutionNode = FALSE
	EndGlobalSection
	GlobalSection(ExtensibilityGlobals) = postSolution
		SolutionGuid = {7E1D35B8-3346-4083-A71F-E23BBFF8997E}
	EndGlobalSection
EndGlobal
